
Microsoft Visual Studio Solution File, Format Version 12.00
Project("{2150E333-8FDC-42A3-9474-1A3956D46DE8}") = "src", "src", "{DC2FAA35-1186-4AF0-B397-2811FA2CE535}"
EndProject
Project("{2150E333-8FDC-42A3-9474-1A3956D46DE8}") = "web", "web", "{6FB828C0-1E66-4CC5-8D1B-672EC2524D85}"
EndProject
Project("{2150E333-8FDC-42A3-9474-1A3956D46DE8}") = "mobile", "mobile", "{4A6B2A43-D225-4761-AFD7-2E2361B77F31}"
EndProject
Project("{2150E333-8FDC-42A3-9474-1A3956D46DE8}") = "desktop", "desktop", "{B58A2DAF-C58C-4BE3-8653-13F3D8768B8C}"
EndProject
Global
	GlobalSection(SolutionConfigurationPlatforms) = preSolution
		Debug|Any CPU = Debug|Any CPU
		Release|Any CPU = Release|Any CPU
	EndGlobalSection
	GlobalSection(ProjectConfigurationPlatforms) = postSolution
	EndGlobalSection
	GlobalSection(NestedProjects) = preSolution
		{6FB828C0-1E66-4CC5-8D1B-672EC2524D85} = {DC2FAA35-1186-4AF0-B397-2811FA2CE535}
		{4A6B2A43-D225-4761-AFD7-2E2361B77F31} = {DC2FAA35-1186-4AF0-B397-2811FA2CE535}
		{B58A2DAF-C58C-4BE3-8653-13F3D8768B8C} = {DC2FAA35-1186-4AF0-B397-2811FA2CE535}
	EndGlobalSection
EndGlobal
