
Microsoft Visual Studio Solution File, Format Version 12.00
Project("{2150E333-8FDC-42A3-9474-1A3956D46DE8}") = "src", "src", "{DC2FAA35-1186-4AF0-B397-2811FA2CE535}"
EndProject
Project("{2150E333-8FDC-42A3-9474-1A3956D46DE8}") = "web", "web", "{6FB828C0-1E66-4CC5-8D1B-672EC2524D85}"
EndProject
Project("{2150E333-8FDC-42A3-9474-1A3956D46DE8}") = "mobile", "mobile", "{4A6B2A43-D225-4761-AFD7-2E2361B77F31}"
EndProject
Project("{2150E333-8FDC-42A3-9474-1A3956D46DE8}") = "Services", "Services", "{B58A2DAF-C58C-4BE3-8653-13F3D8768B8C}"
EndProject
Project("{2150E333-8FDC-42A3-9474-1A3956D46DE8}") = "Identity", "Identity", "{4FC5E23F-E332-4E18-886E-1FC5DD21EE0F}"
EndProject
Project("{2150E333-8FDC-42A3-9474-1A3956D46DE8}") = "Build", "Build", "{926C8DB0-67E6-4DF8-B98D-08A792FE3688}"
	ProjectSection(SolutionItems) = preProject
		Directory.Packages.props = Directory.Packages.props
		docker-compose.yml = docker-compose.yml
		docker-compose.override.yml = docker-compose.override.yml
	EndProjectSection
EndProject
Project("{2150E333-8FDC-42A3-9474-1A3956D46DE8}") = "Shared", "Shared", "{ED836EE5-1D10-4167-BFB9-1B13E6C448E0}"
EndProject
Project("{FAE04EC0-301F-11D3-BF4B-00C04F79EFBC}") = "Identity.API", "Services\Identity\Identity.API\Identity.API.csproj", "{6A0DDE82-BE32-49E2-ACDE-E62C3FFF0F98}"
EndProject
Project("{FAE04EC0-301F-11D3-BF4B-00C04F79EFBC}") = "Identity.API.Tests", "Services\Identity\Identity.API.Tests\Identity.API.Tests.csproj", "{CAE0BAC5-DC26-4E51-8B4F-C7DAF7E1A2C3}"
EndProject
Project("{FAE04EC0-301F-11D3-BF4B-00C04F79EFBC}") = "Shared", "Services\Shared\Shared.csproj", "{AA3C3A43-75D2-491B-9F63-D1E8BC53AF87}"
EndProject
Global
	GlobalSection(SolutionConfigurationPlatforms) = preSolution
		Debug|Any CPU = Debug|Any CPU
		Release|Any CPU = Release|Any CPU
	EndGlobalSection
	GlobalSection(ProjectConfigurationPlatforms) = postSolution
		{6A0DDE82-BE32-49E2-ACDE-E62C3FFF0F98}.Debug|Any CPU.ActiveCfg = Debug|Any CPU
		{6A0DDE82-BE32-49E2-ACDE-E62C3FFF0F98}.Debug|Any CPU.Build.0 = Debug|Any CPU
		{6A0DDE82-BE32-49E2-ACDE-E62C3FFF0F98}.Release|Any CPU.ActiveCfg = Release|Any CPU
		{6A0DDE82-BE32-49E2-ACDE-E62C3FFF0F98}.Release|Any CPU.Build.0 = Release|Any CPU
		{CAE0BAC5-DC26-4E51-8B4F-C7DAF7E1A2C3}.Debug|Any CPU.ActiveCfg = Debug|Any CPU
		{CAE0BAC5-DC26-4E51-8B4F-C7DAF7E1A2C3}.Debug|Any CPU.Build.0 = Debug|Any CPU
		{CAE0BAC5-DC26-4E51-8B4F-C7DAF7E1A2C3}.Release|Any CPU.ActiveCfg = Release|Any CPU
		{CAE0BAC5-DC26-4E51-8B4F-C7DAF7E1A2C3}.Release|Any CPU.Build.0 = Release|Any CPU
		{AA3C3A43-75D2-491B-9F63-D1E8BC53AF87}.Debug|Any CPU.ActiveCfg = Debug|Any CPU
		{AA3C3A43-75D2-491B-9F63-D1E8BC53AF87}.Debug|Any CPU.Build.0 = Debug|Any CPU
		{AA3C3A43-75D2-491B-9F63-D1E8BC53AF87}.Release|Any CPU.ActiveCfg = Release|Any CPU
		{AA3C3A43-75D2-491B-9F63-D1E8BC53AF87}.Release|Any CPU.Build.0 = Release|Any CPU
	EndGlobalSection
	GlobalSection(NestedProjects) = preSolution
		{6FB828C0-1E66-4CC5-8D1B-672EC2524D85} = {DC2FAA35-1186-4AF0-B397-2811FA2CE535}
		{4A6B2A43-D225-4761-AFD7-2E2361B77F31} = {DC2FAA35-1186-4AF0-B397-2811FA2CE535}
		{B58A2DAF-C58C-4BE3-8653-13F3D8768B8C} = {DC2FAA35-1186-4AF0-B397-2811FA2CE535}
		{4FC5E23F-E332-4E18-886E-1FC5DD21EE0F} = {B58A2DAF-C58C-4BE3-8653-13F3D8768B8C}
		{ED836EE5-1D10-4167-BFB9-1B13E6C448E0} = {B58A2DAF-C58C-4BE3-8653-13F3D8768B8C}
		{6A0DDE82-BE32-49E2-ACDE-E62C3FFF0F98} = {4FC5E23F-E332-4E18-886E-1FC5DD21EE0F}
		{CAE0BAC5-DC26-4E51-8B4F-C7DAF7E1A2C3} = {4FC5E23F-E332-4E18-886E-1FC5DD21EE0F}
		{AA3C3A43-75D2-491B-9F63-D1E8BC53AF87} = {ED836EE5-1D10-4167-BFB9-1B13E6C448E0}
	EndGlobalSection
EndGlobal
